
Microsoft Visual Studio Solution File, Format Version 12.00
# Visual Studio Version 17
VisualStudioVersion = 17.4.33122.133
MinimumVisualStudioVersion = 10.0.40219.1
Project("{9A19103F-16F7-4668-BE54-9A1E7A4F7556}") = "29.03hw", "29.03hw.csproj", "{1C0C7216-B246-4773-A395-C9F3D3BA65D3}"
EndProject
Global
	GlobalSection(SolutionConfigurationPlatforms) = preSolution
		Debug|Any CPU = Debug|Any CPU
		Release|Any CPU = Release|Any CPU
	EndGlobalSection
	GlobalSection(ProjectConfigurationPlatforms) = postSolution
		{1C0C7216-B246-4773-A395-C9F3D3BA65D3}.Debug|Any CPU.ActiveCfg = Debug|Any CPU
		{1C0C7216-B246-4773-A395-C9F3D3BA65D3}.Debug|Any CPU.Build.0 = Debug|Any CPU
		{1C0C7216-B246-4773-A395-C9F3D3BA65D3}.Release|Any CPU.ActiveCfg = Release|Any CPU
		{1C0C7216-B246-4773-A395-C9F3D3BA65D3}.Release|Any CPU.Build.0 = Release|Any CPU
	EndGlobalSection
	GlobalSection(SolutionProperties) = preSolution
		HideSolutionNode = FALSE
	EndGlobalSection
	GlobalSection(ExtensibilityGlobals) = postSolution
		SolutionGuid = {CDCC3D92-B142-4C40-8808-558207252CCF}
	EndGlobalSection
EndGlobal
